
Microsoft Visual Studio Solution File, Format Version 12.00
# Visual Studio Version 16
VisualStudioVersion = 16.0.29911.84
MinimumVisualStudioVersion = 10.0.40219.1
Project("{9A19103F-16F7-4668-BE54-9A1E7A4F7556}") = "SSHZhakar", "SSHZHAKAR\SSHZhakar.csproj", "{781418D9-91A0-4261-B436-D0C479C99743}"
EndProject
Project("{9A19103F-16F7-4668-BE54-9A1E7A4F7556}") = "BackEnd", "BackEnd\BackEnd.csproj", "{FA2DA7D7-6FAB-4FB7-BB10-6235812D7AB4}"
EndProject
Project("{9A19103F-16F7-4668-BE54-9A1E7A4F7556}") = "SSH_USER_CORE", "SSH_USER_CORE\SSH_USER_CORE.csproj", "{B9696B6E-7064-4951-8689-9830B17414BA}"
EndProject
Project("{9A19103F-16F7-4668-BE54-9A1E7A4F7556}") = "ZModels", "ZModels\ZModels.csproj", "{3C558ED2-F658-475C-BE68-5F674F33E87B}"
EndProject
Project("{FAE04EC0-301F-11D3-BF4B-00C04F79EFBC}") = "SSHZhakar.Tests", "SSHZhakar.Tests\SSHZhakar.Tests.csproj", "{DDD8245F-5584-4BFB-89B5-258F01BADC09}"
EndProject
Global
	GlobalSection(SolutionConfigurationPlatforms) = preSolution
		Debug|Any CPU = Debug|Any CPU
		Release|Any CPU = Release|Any CPU
	EndGlobalSection
	GlobalSection(ProjectConfigurationPlatforms) = postSolution
		{781418D9-91A0-4261-B436-D0C479C99743}.Debug|Any CPU.ActiveCfg = Debug|Any CPU
		{781418D9-91A0-4261-B436-D0C479C99743}.Debug|Any CPU.Build.0 = Debug|Any CPU
		{781418D9-91A0-4261-B436-D0C479C99743}.Release|Any CPU.ActiveCfg = Release|Any CPU
		{781418D9-91A0-4261-B436-D0C479C99743}.Release|Any CPU.Build.0 = Release|Any CPU
		{FA2DA7D7-6FAB-4FB7-BB10-6235812D7AB4}.Debug|Any CPU.ActiveCfg = Debug|Any CPU
		{FA2DA7D7-6FAB-4FB7-BB10-6235812D7AB4}.Debug|Any CPU.Build.0 = Debug|Any CPU
		{FA2DA7D7-6FAB-4FB7-BB10-6235812D7AB4}.Release|Any CPU.ActiveCfg = Release|Any CPU
		{FA2DA7D7-6FAB-4FB7-BB10-6235812D7AB4}.Release|Any CPU.Build.0 = Release|Any CPU
		{B9696B6E-7064-4951-8689-9830B17414BA}.Debug|Any CPU.ActiveCfg = Debug|Any CPU
		{B9696B6E-7064-4951-8689-9830B17414BA}.Debug|Any CPU.Build.0 = Debug|Any CPU
		{B9696B6E-7064-4951-8689-9830B17414BA}.Release|Any CPU.ActiveCfg = Release|Any CPU
		{B9696B6E-7064-4951-8689-9830B17414BA}.Release|Any CPU.Build.0 = Release|Any CPU
		{3C558ED2-F658-475C-BE68-5F674F33E87B}.Debug|Any CPU.ActiveCfg = Debug|Any CPU
		{3C558ED2-F658-475C-BE68-5F674F33E87B}.Debug|Any CPU.Build.0 = Debug|Any CPU
		{3C558ED2-F658-475C-BE68-5F674F33E87B}.Release|Any CPU.ActiveCfg = Release|Any CPU
		{3C558ED2-F658-475C-BE68-5F674F33E87B}.Release|Any CPU.Build.0 = Release|Any CPU
		{DDD8245F-5584-4BFB-89B5-258F01BADC09}.Debug|Any CPU.ActiveCfg = Debug|Any CPU
		{DDD8245F-5584-4BFB-89B5-258F01BADC09}.Debug|Any CPU.Build.0 = Debug|Any CPU
		{DDD8245F-5584-4BFB-89B5-258F01BADC09}.Release|Any CPU.ActiveCfg = Release|Any CPU
		{DDD8245F-5584-4BFB-89B5-258F01BADC09}.Release|Any CPU.Build.0 = Release|Any CPU
	EndGlobalSection
	GlobalSection(SolutionProperties) = preSolution
		HideSolutionNode = FALSE
	EndGlobalSection
	GlobalSection(ExtensibilityGlobals) = postSolution
		SolutionGuid = {9C71C096-570A-430E-997A-0DF4F8CB47B5}
	EndGlobalSection
EndGlobal
